
Microsoft Visual Studio Solution File, Format Version 12.00
# Visual Studio Version 17
VisualStudioVersion = 17.11.35303.130
MinimumVisualStudioVersion = 10.0.40219.1
Project("{FAE04EC0-301F-11D3-BF4B-00C04F79EFBC}") = "TodoServerApp", "TodoServerApp\TodoServerApp.csproj", "{B509A7CA-76BE-4BA6-8160-DCB0E1F04241}"
EndProject
Global
	GlobalSection(SolutionConfigurationPlatforms) = preSolution
		Debug|Any CPU = Debug|Any CPU
		Release|Any CPU = Release|Any CPU
	EndGlobalSection
	GlobalSection(ProjectConfigurationPlatforms) = postSolution
		{B509A7CA-76BE-4BA6-8160-DCB0E1F04241}.Debug|Any CPU.ActiveCfg = Debug|Any CPU
		{B509A7CA-76BE-4BA6-8160-DCB0E1F04241}.Debug|Any CPU.Build.0 = Debug|Any CPU
		{B509A7CA-76BE-4BA6-8160-DCB0E1F04241}.Release|Any CPU.ActiveCfg = Release|Any CPU
		{B509A7CA-76BE-4BA6-8160-DCB0E1F04241}.Release|Any CPU.Build.0 = Release|Any CPU
	EndGlobalSection
	GlobalSection(SolutionProperties) = preSolution
		HideSolutionNode = FALSE
	EndGlobalSection
	GlobalSection(ExtensibilityGlobals) = postSolution
		SolutionGuid = {592E6845-37D2-4A54-84C5-FD2738CF23BE}
	EndGlobalSection
EndGlobal
